// !$*UTF8*$!
{
	archiveVersion = 1;
	classes = {
	};
	objectVersion = 55;
	objects = {

/* Begin PBXBuildFile section */
		43F9379CCC7FBBBA8530B96A /* Pods_Parstagram.framework in Frameworks */ = {isa = PBXBuildFile; fileRef = FCF227C50213A7B56B168B7D /* Pods_Parstagram.framework */; };
		4DE56B35AB282F6FA85B43D8 /* Pods_Parstagram_ParstagramUITests.framework in Frameworks */ = {isa = PBXBuildFile; fileRef = 037F32DF06D65707806148CB /* Pods_Parstagram_ParstagramUITests.framework */; };
		BBACBC6327F11BB400AEDE61 /* CommentCell.swift in Sources */ = {isa = PBXBuildFile; fileRef = BBACBC6227F11BB400AEDE61 /* CommentCell.swift */; };
		BBD995B327E4CE4800FE3F1F /* AppDelegate.swift in Sources */ = {isa = PBXBuildFile; fileRef = BBD995B227E4CE4800FE3F1F /* AppDelegate.swift */; };
		BBD995B527E4CE4800FE3F1F /* SceneDelegate.swift in Sources */ = {isa = PBXBuildFile; fileRef = BBD995B427E4CE4800FE3F1F /* SceneDelegate.swift */; };
		BBD995BA27E4CE4800FE3F1F /* Main.storyboard in Resources */ = {isa = PBXBuildFile; fileRef = BBD995B827E4CE4800FE3F1F /* Main.storyboard */; };
		BBD995BC27E4CE4900FE3F1F /* Assets.xcassets in Resources */ = {isa = PBXBuildFile; fileRef = BBD995BB27E4CE4900FE3F1F /* Assets.xcassets */; };
		BBD995BF27E4CE4900FE3F1F /* LaunchScreen.storyboard in Resources */ = {isa = PBXBuildFile; fileRef = BBD995BD27E4CE4900FE3F1F /* LaunchScreen.storyboard */; };
		BBD995CA27E4CE4A00FE3F1F /* ParstagramTests.swift in Sources */ = {isa = PBXBuildFile; fileRef = BBD995C927E4CE4A00FE3F1F /* ParstagramTests.swift */; };
		BBD995D427E4CE4A00FE3F1F /* ParstagramUITests.swift in Sources */ = {isa = PBXBuildFile; fileRef = BBD995D327E4CE4A00FE3F1F /* ParstagramUITests.swift */; };
		BBD995D627E4CE4A00FE3F1F /* ParstagramUITestsLaunchTests.swift in Sources */ = {isa = PBXBuildFile; fileRef = BBD995D527E4CE4A00FE3F1F /* ParstagramUITestsLaunchTests.swift */; };
		BBD995E327E4DC0700FE3F1F /* LoginViewController.swift in Sources */ = {isa = PBXBuildFile; fileRef = BBD995E227E4DC0700FE3F1F /* LoginViewController.swift */; };
		BBD995E527E4DC1700FE3F1F /* FeedViewController.swift in Sources */ = {isa = PBXBuildFile; fileRef = BBD995E427E4DC1700FE3F1F /* FeedViewController.swift */; };
		BBD995E727E4E92800FE3F1F /* CameraViewController.swift in Sources */ = {isa = PBXBuildFile; fileRef = BBD995E627E4E92800FE3F1F /* CameraViewController.swift */; };
		BBD995E927E4F43B00FE3F1F /* PostCell.swift in Sources */ = {isa = PBXBuildFile; fileRef = BBD995E827E4F43B00FE3F1F /* PostCell.swift */; };
		EE0A923BDF14D4E9500A5C5B /* Pods_ParstagramTests.framework in Frameworks */ = {isa = PBXBuildFile; fileRef = B6AA63D50BCADDF42E2F2344 /* Pods_ParstagramTests.framework */; };
/* End PBXBuildFile section */

/* Begin PBXContainerItemProxy section */
		BBD995C627E4CE4A00FE3F1F /* PBXContainerItemProxy */ = {
			isa = PBXContainerItemProxy;
			containerPortal = BBD995A727E4CE4800FE3F1F /* Project object */;
			proxyType = 1;
			remoteGlobalIDString = BBD995AE27E4CE4800FE3F1F;
			remoteInfo = Parstagram;
		};
		BBD995D027E4CE4A00FE3F1F /* PBXContainerItemProxy */ = {
			isa = PBXContainerItemProxy;
			containerPortal = BBD995A727E4CE4800FE3F1F /* Project object */;
			proxyType = 1;
			remoteGlobalIDString = BBD995AE27E4CE4800FE3F1F;
			remoteInfo = Parstagram;
		};
/* End PBXContainerItemProxy section */

/* Begin PBXFileReference section */
		037F32DF06D65707806148CB /* Pods_Parstagram_ParstagramUITests.framework */ = {isa = PBXFileReference; explicitFileType = wrapper.framework; includeInIndex = 0; path = Pods_Parstagram_ParstagramUITests.framework; sourceTree = BUILT_PRODUCTS_DIR; };
		1FA742BE3B02010C3CCF46CB /* Pods-Parstagram.debug.xcconfig */ = {isa = PBXFileReference; includeInIndex = 1; lastKnownFileType = text.xcconfig; name = "Pods-Parstagram.debug.xcconfig"; path = "Target Support Files/Pods-Parstagram/Pods-Parstagram.debug.xcconfig"; sourceTree = "<group>"; };
		5505E41A5FF7DA8EE0268461 /* Pods-ParstagramTests.release.xcconfig */ = {isa = PBXFileReference; includeInIndex = 1; lastKnownFileType = text.xcconfig; name = "Pods-ParstagramTests.release.xcconfig"; path = "Target Support Files/Pods-ParstagramTests/Pods-ParstagramTests.release.xcconfig"; sourceTree = "<group>"; };
		82E26D8B8F1BA0C9DD8ECAC6 /* Pods-Parstagram-ParstagramUITests.release.xcconfig */ = {isa = PBXFileReference; includeInIndex = 1; lastKnownFileType = text.xcconfig; name = "Pods-Parstagram-ParstagramUITests.release.xcconfig"; path = "Target Support Files/Pods-Parstagram-ParstagramUITests/Pods-Parstagram-ParstagramUITests.release.xcconfig"; sourceTree = "<group>"; };
		972E31E4F64096566CA68780 /* Pods-ParstagramTests.debug.xcconfig */ = {isa = PBXFileReference; includeInIndex = 1; lastKnownFileType = text.xcconfig; name = "Pods-ParstagramTests.debug.xcconfig"; path = "Target Support Files/Pods-ParstagramTests/Pods-ParstagramTests.debug.xcconfig"; sourceTree = "<group>"; };
		9F8B601B245A39336ADF0AE1 /* Pods-Parstagram.release.xcconfig */ = {isa = PBXFileReference; includeInIndex = 1; lastKnownFileType = text.xcconfig; name = "Pods-Parstagram.release.xcconfig"; path = "Target Support Files/Pods-Parstagram/Pods-Parstagram.release.xcconfig"; sourceTree = "<group>"; };
		B6AA63D50BCADDF42E2F2344 /* Pods_ParstagramTests.framework */ = {isa = PBXFileReference; explicitFileType = wrapper.framework; includeInIndex = 0; path = Pods_ParstagramTests.framework; sourceTree = BUILT_PRODUCTS_DIR; };
		B7667D8FAC99A6C49345C524 /* Pods-Parstagram-ParstagramUITests.debug.xcconfig */ = {isa = PBXFileReference; includeInIndex = 1; lastKnownFileType = text.xcconfig; name = "Pods-Parstagram-ParstagramUITests.debug.xcconfig"; path = "Target Support Files/Pods-Parstagram-ParstagramUITests/Pods-Parstagram-ParstagramUITests.debug.xcconfig"; sourceTree = "<group>"; };
		BBACBC6227F11BB400AEDE61 /* CommentCell.swift */ = {isa = PBXFileReference; lastKnownFileType = sourcecode.swift; path = CommentCell.swift; sourceTree = "<group>"; };
		BBD995AF27E4CE4800FE3F1F /* Parstagram.app */ = {isa = PBXFileReference; explicitFileType = wrapper.application; includeInIndex = 0; path = Parstagram.app; sourceTree = BUILT_PRODUCTS_DIR; };
		BBD995B227E4CE4800FE3F1F /* AppDelegate.swift */ = {isa = PBXFileReference; lastKnownFileType = sourcecode.swift; path = AppDelegate.swift; sourceTree = "<group>"; };
		BBD995B427E4CE4800FE3F1F /* SceneDelegate.swift */ = {isa = PBXFileReference; lastKnownFileType = sourcecode.swift; path = SceneDelegate.swift; sourceTree = "<group>"; };
		BBD995B927E4CE4800FE3F1F /* Base */ = {isa = PBXFileReference; lastKnownFileType = file.storyboard; name = Base; path = Base.lproj/Main.storyboard; sourceTree = "<group>"; };
		BBD995BB27E4CE4900FE3F1F /* Assets.xcassets */ = {isa = PBXFileReference; lastKnownFileType = folder.assetcatalog; path = Assets.xcassets; sourceTree = "<group>"; };
		BBD995BE27E4CE4900FE3F1F /* Base */ = {isa = PBXFileReference; lastKnownFileType = file.storyboard; name = Base; path = Base.lproj/LaunchScreen.storyboard; sourceTree = "<group>"; };
		BBD995C027E4CE4900FE3F1F /* Info.plist */ = {isa = PBXFileReference; lastKnownFileType = text.plist.xml; path = Info.plist; sourceTree = "<group>"; };
		BBD995C527E4CE4A00FE3F1F /* ParstagramTests.xctest */ = {isa = PBXFileReference; explicitFileType = wrapper.cfbundle; includeInIndex = 0; path = ParstagramTests.xctest; sourceTree = BUILT_PRODUCTS_DIR; };
		BBD995C927E4CE4A00FE3F1F /* ParstagramTests.swift */ = {isa = PBXFileReference; lastKnownFileType = sourcecode.swift; path = ParstagramTests.swift; sourceTree = "<group>"; };
		BBD995CF27E4CE4A00FE3F1F /* ParstagramUITests.xctest */ = {isa = PBXFileReference; explicitFileType = wrapper.cfbundle; includeInIndex = 0; path = ParstagramUITests.xctest; sourceTree = BUILT_PRODUCTS_DIR; };
		BBD995D327E4CE4A00FE3F1F /* ParstagramUITests.swift */ = {isa = PBXFileReference; lastKnownFileType = sourcecode.swift; path = ParstagramUITests.swift; sourceTree = "<group>"; };
		BBD995D527E4CE4A00FE3F1F /* ParstagramUITestsLaunchTests.swift */ = {isa = PBXFileReference; lastKnownFileType = sourcecode.swift; path = ParstagramUITestsLaunchTests.swift; sourceTree = "<group>"; };
		BBD995E227E4DC0700FE3F1F /* LoginViewController.swift */ = {isa = PBXFileReference; lastKnownFileType = sourcecode.swift; path = LoginViewController.swift; sourceTree = "<group>"; };
		BBD995E427E4DC1700FE3F1F /* FeedViewController.swift */ = {isa = PBXFileReference; lastKnownFileType = sourcecode.swift; path = FeedViewController.swift; sourceTree = "<group>"; };
		BBD995E627E4E92800FE3F1F /* CameraViewController.swift */ = {isa = PBXFileReference; lastKnownFileType = sourcecode.swift; path = CameraViewController.swift; sourceTree = "<group>"; };
		BBD995E827E4F43B00FE3F1F /* PostCell.swift */ = {isa = PBXFileReference; lastKnownFileType = sourcecode.swift; path = PostCell.swift; sourceTree = "<group>"; };
		FCF227C50213A7B56B168B7D /* Pods_Parstagram.framework */ = {isa = PBXFileReference; explicitFileType = wrapper.framework; includeInIndex = 0; path = Pods_Parstagram.framework; sourceTree = BUILT_PRODUCTS_DIR; };
/* End PBXFileReference section */

/* Begin PBXFrameworksBuildPhase section */
		BBD995AC27E4CE4800FE3F1F /* Frameworks */ = {
			isa = PBXFrameworksBuildPhase;
			buildActionMask = 2147483647;
			files = (
				43F9379CCC7FBBBA8530B96A /* Pods_Parstagram.framework in Frameworks */,
			);
			runOnlyForDeploymentPostprocessing = 0;
		};
		BBD995C227E4CE4A00FE3F1F /* Frameworks */ = {
			isa = PBXFrameworksBuildPhase;
			buildActionMask = 2147483647;
			files = (
				EE0A923BDF14D4E9500A5C5B /* Pods_ParstagramTests.framework in Frameworks */,
			);
			runOnlyForDeploymentPostprocessing = 0;
		};
		BBD995CC27E4CE4A00FE3F1F /* Frameworks */ = {
			isa = PBXFrameworksBuildPhase;
			buildActionMask = 2147483647;
			files = (
				4DE56B35AB282F6FA85B43D8 /* Pods_Parstagram_ParstagramUITests.framework in Frameworks */,
			);
			runOnlyForDeploymentPostprocessing = 0;
		};
/* End PBXFrameworksBuildPhase section */

/* Begin PBXGroup section */
		19C514B126D6C7F84A6CED13 /* Frameworks */ = {
			isa = PBXGroup;
			children = (
				FCF227C50213A7B56B168B7D /* Pods_Parstagram.framework */,
				037F32DF06D65707806148CB /* Pods_Parstagram_ParstagramUITests.framework */,
				B6AA63D50BCADDF42E2F2344 /* Pods_ParstagramTests.framework */,
			);
			name = Frameworks;
			sourceTree = "<group>";
		};
		353424026176125EC49DFE09 /* Pods */ = {
			isa = PBXGroup;
			children = (
				1FA742BE3B02010C3CCF46CB /* Pods-Parstagram.debug.xcconfig */,
				9F8B601B245A39336ADF0AE1 /* Pods-Parstagram.release.xcconfig */,
				B7667D8FAC99A6C49345C524 /* Pods-Parstagram-ParstagramUITests.debug.xcconfig */,
				82E26D8B8F1BA0C9DD8ECAC6 /* Pods-Parstagram-ParstagramUITests.release.xcconfig */,
				972E31E4F64096566CA68780 /* Pods-ParstagramTests.debug.xcconfig */,
				5505E41A5FF7DA8EE0268461 /* Pods-ParstagramTests.release.xcconfig */,
			);
			path = Pods;
			sourceTree = "<group>";
		};
		BBD995A627E4CE4800FE3F1F = {
			isa = PBXGroup;
			children = (
				BBD995B127E4CE4800FE3F1F /* Parstagram */,
				BBD995C827E4CE4A00FE3F1F /* ParstagramTests */,
				BBD995D227E4CE4A00FE3F1F /* ParstagramUITests */,
				BBD995B027E4CE4800FE3F1F /* Products */,
				353424026176125EC49DFE09 /* Pods */,
				19C514B126D6C7F84A6CED13 /* Frameworks */,
			);
			sourceTree = "<group>";
		};
		BBD995B027E4CE4800FE3F1F /* Products */ = {
			isa = PBXGroup;
			children = (
				BBD995AF27E4CE4800FE3F1F /* Parstagram.app */,
				BBD995C527E4CE4A00FE3F1F /* ParstagramTests.xctest */,
				BBD995CF27E4CE4A00FE3F1F /* ParstagramUITests.xctest */,
			);
			name = Products;
			sourceTree = "<group>";
		};
		BBD995B127E4CE4800FE3F1F /* Parstagram */ = {
			isa = PBXGroup;
			children = (
				BBD995B227E4CE4800FE3F1F /* AppDelegate.swift */,
				BBD995B427E4CE4800FE3F1F /* SceneDelegate.swift */,
				BBD995B827E4CE4800FE3F1F /* Main.storyboard */,
				BBD995BB27E4CE4900FE3F1F /* Assets.xcassets */,
				BBD995BD27E4CE4900FE3F1F /* LaunchScreen.storyboard */,
				BBD995C027E4CE4900FE3F1F /* Info.plist */,
				BBD995E227E4DC0700FE3F1F /* LoginViewController.swift */,
				BBD995E427E4DC1700FE3F1F /* FeedViewController.swift */,
				BBD995E627E4E92800FE3F1F /* CameraViewController.swift */,
				BBD995E827E4F43B00FE3F1F /* PostCell.swift */,
				BBACBC6227F11BB400AEDE61 /* CommentCell.swift */,
			);
			path = Parstagram;
			sourceTree = "<group>";
		};
		BBD995C827E4CE4A00FE3F1F /* ParstagramTests */ = {
			isa = PBXGroup;
			children = (
				BBD995C927E4CE4A00FE3F1F /* ParstagramTests.swift */,
			);
			path = ParstagramTests;
			sourceTree = "<group>";
		};
		BBD995D227E4CE4A00FE3F1F /* ParstagramUITests */ = {
			isa = PBXGroup;
			children = (
				BBD995D327E4CE4A00FE3F1F /* ParstagramUITests.swift */,
				BBD995D527E4CE4A00FE3F1F /* ParstagramUITestsLaunchTests.swift */,
			);
			path = ParstagramUITests;
			sourceTree = "<group>";
		};
/* End PBXGroup section */

/* Begin PBXNativeTarget section */
		BBD995AE27E4CE4800FE3F1F /* Parstagram */ = {
			isa = PBXNativeTarget;
			buildConfigurationList = BBD995D927E4CE4A00FE3F1F /* Build configuration list for PBXNativeTarget "Parstagram" */;
			buildPhases = (
				D792434D51D903CC7BD7482B /* [CP] Check Pods Manifest.lock */,
				BBD995AB27E4CE4800FE3F1F /* Sources */,
				BBD995AC27E4CE4800FE3F1F /* Frameworks */,
				BBD995AD27E4CE4800FE3F1F /* Resources */,
				B99984349D65CB2A53DFB8F0 /* [CP] Embed Pods Frameworks */,
			);
			buildRules = (
			);
			dependencies = (
			);
			name = Parstagram;
			productName = Parstagram;
			productReference = BBD995AF27E4CE4800FE3F1F /* Parstagram.app */;
			productType = "com.apple.product-type.application";
		};
		BBD995C427E4CE4A00FE3F1F /* ParstagramTests */ = {
			isa = PBXNativeTarget;
			buildConfigurationList = BBD995DC27E4CE4A00FE3F1F /* Build configuration list for PBXNativeTarget "ParstagramTests" */;
			buildPhases = (
				1B9825A262998BA29C28E680 /* [CP] Check Pods Manifest.lock */,
				BBD995C127E4CE4A00FE3F1F /* Sources */,
				BBD995C227E4CE4A00FE3F1F /* Frameworks */,
				BBD995C327E4CE4A00FE3F1F /* Resources */,
			);
			buildRules = (
			);
			dependencies = (
				BBD995C727E4CE4A00FE3F1F /* PBXTargetDependency */,
			);
			name = ParstagramTests;
			productName = ParstagramTests;
			productReference = BBD995C527E4CE4A00FE3F1F /* ParstagramTests.xctest */;
			productType = "com.apple.product-type.bundle.unit-test";
		};
		BBD995CE27E4CE4A00FE3F1F /* ParstagramUITests */ = {
			isa = PBXNativeTarget;
			buildConfigurationList = BBD995DF27E4CE4A00FE3F1F /* Build configuration list for PBXNativeTarget "ParstagramUITests" */;
			buildPhases = (
				C0119978053A4A119E7756EF /* [CP] Check Pods Manifest.lock */,
				BBD995CB27E4CE4A00FE3F1F /* Sources */,
				BBD995CC27E4CE4A00FE3F1F /* Frameworks */,
				BBD995CD27E4CE4A00FE3F1F /* Resources */,
				134AEA03BA0F7A445357F31A /* [CP] Embed Pods Frameworks */,
			);
			buildRules = (
			);
			dependencies = (
				BBD995D127E4CE4A00FE3F1F /* PBXTargetDependency */,
			);
			name = ParstagramUITests;
			productName = ParstagramUITests;
			productReference = BBD995CF27E4CE4A00FE3F1F /* ParstagramUITests.xctest */;
			productType = "com.apple.product-type.bundle.ui-testing";
		};
/* End PBXNativeTarget section */

/* Begin PBXProject section */
		BBD995A727E4CE4800FE3F1F /* Project object */ = {
			isa = PBXProject;
			attributes = {
				BuildIndependentTargetsInParallel = 1;
				LastSwiftUpdateCheck = 1320;
				LastUpgradeCheck = 1320;
				TargetAttributes = {
					BBD995AE27E4CE4800FE3F1F = {
						CreatedOnToolsVersion = 13.2.1;
					};
					BBD995C427E4CE4A00FE3F1F = {
						CreatedOnToolsVersion = 13.2.1;
						TestTargetID = BBD995AE27E4CE4800FE3F1F;
					};
					BBD995CE27E4CE4A00FE3F1F = {
						CreatedOnToolsVersion = 13.2.1;
						TestTargetID = BBD995AE27E4CE4800FE3F1F;
					};
				};
			};
			buildConfigurationList = BBD995AA27E4CE4800FE3F1F /* Build configuration list for PBXProject "Parstagram" */;
			compatibilityVersion = "Xcode 13.0";
			developmentRegion = en;
			hasScannedForEncodings = 0;
			knownRegions = (
				en,
				Base,
			);
			mainGroup = BBD995A627E4CE4800FE3F1F;
			productRefGroup = BBD995B027E4CE4800FE3F1F /* Products */;
			projectDirPath = "";
			projectRoot = "";
			targets = (
				BBD995AE27E4CE4800FE3F1F /* Parstagram */,
				BBD995C427E4CE4A00FE3F1F /* ParstagramTests */,
				BBD995CE27E4CE4A00FE3F1F /* ParstagramUITests */,
			);
		};
/* End PBXProject section */

/* Begin PBXResourcesBuildPhase section */
		BBD995AD27E4CE4800FE3F1F /* Resources */ = {
			isa = PBXResourcesBuildPhase;
			buildActionMask = 2147483647;
			files = (
				BBD995BF27E4CE4900FE3F1F /* LaunchScreen.storyboard in Resources */,
				BBD995BC27E4CE4900FE3F1F /* Assets.xcassets in Resources */,
				BBD995BA27E4CE4800FE3F1F /* Main.storyboard in Resources */,
			);
			runOnlyForDeploymentPostprocessing = 0;
		};
		BBD995C327E4CE4A00FE3F1F /* Resources */ = {
			isa = PBXResourcesBuildPhase;
			buildActionMask = 2147483647;
			files = (
			);
			runOnlyForDeploymentPostprocessing = 0;
		};
		BBD995CD27E4CE4A00FE3F1F /* Resources */ = {
			isa = PBXResourcesBuildPhase;
			buildActionMask = 2147483647;
			files = (
			);
			runOnlyForDeploymentPostprocessing = 0;
		};
/* End PBXResourcesBuildPhase section */

/* Begin PBXShellScriptBuildPhase section */
		134AEA03BA0F7A445357F31A /* [CP] Embed Pods Frameworks */ = {
			isa = PBXShellScriptBuildPhase;
			buildActionMask = 2147483647;
			files = (
			);
			inputFileListPaths = (
				"${PODS_ROOT}/Target Support Files/Pods-Parstagram-ParstagramUITests/Pods-Parstagram-ParstagramUITests-frameworks-${CONFIGURATION}-input-files.xcfilelist",
			);
			name = "[CP] Embed Pods Frameworks";
			outputFileListPaths = (
				"${PODS_ROOT}/Target Support Files/Pods-Parstagram-ParstagramUITests/Pods-Parstagram-ParstagramUITests-frameworks-${CONFIGURATION}-output-files.xcfilelist",
			);
			runOnlyForDeploymentPostprocessing = 0;
			shellPath = /bin/sh;
			shellScript = "\"${PODS_ROOT}/Target Support Files/Pods-Parstagram-ParstagramUITests/Pods-Parstagram-ParstagramUITests-frameworks.sh\"\n";
			showEnvVarsInLog = 0;
		};
		1B9825A262998BA29C28E680 /* [CP] Check Pods Manifest.lock */ = {
			isa = PBXShellScriptBuildPhase;
			buildActionMask = 2147483647;
			files = (
			);
			inputFileListPaths = (
			);
			inputPaths = (
				"${PODS_PODFILE_DIR_PATH}/Podfile.lock",
				"${PODS_ROOT}/Manifest.lock",
			);
			name = "[CP] Check Pods Manifest.lock";
			outputFileListPaths = (
			);
			outputPaths = (
				"$(DERIVED_FILE_DIR)/Pods-ParstagramTests-checkManifestLockResult.txt",
			);
			runOnlyForDeploymentPostprocessing = 0;
			shellPath = /bin/sh;
			shellScript = "diff \"${PODS_PODFILE_DIR_PATH}/Podfile.lock\" \"${PODS_ROOT}/Manifest.lock\" > /dev/null\nif [ $? != 0 ] ; then\n    # print error to STDERR\n    echo \"error: The sandbox is not in sync with the Podfile.lock. Run 'pod install' or update your CocoaPods installation.\" >&2\n    exit 1\nfi\n# This output is used by Xcode 'outputs' to avoid re-running this script phase.\necho \"SUCCESS\" > \"${SCRIPT_OUTPUT_FILE_0}\"\n";
			showEnvVarsInLog = 0;
		};
		B99984349D65CB2A53DFB8F0 /* [CP] Embed Pods Frameworks */ = {
			isa = PBXShellScriptBuildPhase;
			buildActionMask = 2147483647;
			files = (
			);
			inputFileListPaths = (
				"${PODS_ROOT}/Target Support Files/Pods-Parstagram/Pods-Parstagram-frameworks-${CONFIGURATION}-input-files.xcfilelist",
			);
			name = "[CP] Embed Pods Frameworks";
			outputFileListPaths = (
				"${PODS_ROOT}/Target Support Files/Pods-Parstagram/Pods-Parstagram-frameworks-${CONFIGURATION}-output-files.xcfilelist",
			);
			runOnlyForDeploymentPostprocessing = 0;
			shellPath = /bin/sh;
			shellScript = "\"${PODS_ROOT}/Target Support Files/Pods-Parstagram/Pods-Parstagram-frameworks.sh\"\n";
			showEnvVarsInLog = 0;
		};
		C0119978053A4A119E7756EF /* [CP] Check Pods Manifest.lock */ = {
			isa = PBXShellScriptBuildPhase;
			buildActionMask = 2147483647;
			files = (
			);
			inputFileListPaths = (
			);
			inputPaths = (
				"${PODS_PODFILE_DIR_PATH}/Podfile.lock",
				"${PODS_ROOT}/Manifest.lock",
			);
			name = "[CP] Check Pods Manifest.lock";
			outputFileListPaths = (
			);
			outputPaths = (
				"$(DERIVED_FILE_DIR)/Pods-Parstagram-ParstagramUITests-checkManifestLockResult.txt",
			);
			runOnlyForDeploymentPostprocessing = 0;
			shellPath = /bin/sh;
			shellScript = "diff \"${PODS_PODFILE_DIR_PATH}/Podfile.lock\" \"${PODS_ROOT}/Manifest.lock\" > /dev/null\nif [ $? != 0 ] ; then\n    # print error to STDERR\n    echo \"error: The sandbox is not in sync with the Podfile.lock. Run 'pod install' or update your CocoaPods installation.\" >&2\n    exit 1\nfi\n# This output is used by Xcode 'outputs' to avoid re-running this script phase.\necho \"SUCCESS\" > \"${SCRIPT_OUTPUT_FILE_0}\"\n";
			showEnvVarsInLog = 0;
		};
		D792434D51D903CC7BD7482B /* [CP] Check Pods Manifest.lock */ = {
			isa = PBXShellScriptBuildPhase;
			buildActionMask = 2147483647;
			files = (
			);
			inputFileListPaths = (
			);
			inputPaths = (
				"${PODS_PODFILE_DIR_PATH}/Podfile.lock",
				"${PODS_ROOT}/Manifest.lock",
			);
			name = "[CP] Check Pods Manifest.lock";
			outputFileListPaths = (
			);
			outputPaths = (
				"$(DERIVED_FILE_DIR)/Pods-Parstagram-checkManifestLockResult.txt",
			);
			runOnlyForDeploymentPostprocessing = 0;
			shellPath = /bin/sh;
			shellScript = "diff \"${PODS_PODFILE_DIR_PATH}/Podfile.lock\" \"${PODS_ROOT}/Manifest.lock\" > /dev/null\nif [ $? != 0 ] ; then\n    # print error to STDERR\n    echo \"error: The sandbox is not in sync with the Podfile.lock. Run 'pod install' or update your CocoaPods installation.\" >&2\n    exit 1\nfi\n# This output is used by Xcode 'outputs' to avoid re-running this script phase.\necho \"SUCCESS\" > \"${SCRIPT_OUTPUT_FILE_0}\"\n";
			showEnvVarsInLog = 0;
		};
/* End PBXShellScriptBuildPhase section */

/* Begin PBXSourcesBuildPhase section */
		BBD995AB27E4CE4800FE3F1F /* Sources */ = {
			isa = PBXSourcesBuildPhase;
			buildActionMask = 2147483647;
			files = (
				BBD995E327E4DC0700FE3F1F /* LoginViewController.swift in Sources */,
				BBD995E727E4E92800FE3F1F /* CameraViewController.swift in Sources */,
				BBD995B327E4CE4800FE3F1F /* AppDelegate.swift in Sources */,
				BBD995E527E4DC1700FE3F1F /* FeedViewController.swift in Sources */,
				BBD995B527E4CE4800FE3F1F /* SceneDelegate.swift in Sources */,
				BBD995E927E4F43B00FE3F1F /* PostCell.swift in Sources */,
				BBACBC6327F11BB400AEDE61 /* CommentCell.swift in Sources */,
			);
			runOnlyForDeploymentPostprocessing = 0;
		};
		BBD995C127E4CE4A00FE3F1F /* Sources */ = {
			isa = PBXSourcesBuildPhase;
			buildActionMask = 2147483647;
			files = (
				BBD995CA27E4CE4A00FE3F1F /* ParstagramTests.swift in Sources */,
			);
			runOnlyForDeploymentPostprocessing = 0;
		};
		BBD995CB27E4CE4A00FE3F1F /* Sources */ = {
			isa = PBXSourcesBuildPhase;
			buildActionMask = 2147483647;
			files = (
				BBD995D627E4CE4A00FE3F1F /* ParstagramUITestsLaunchTests.swift in Sources */,
				BBD995D427E4CE4A00FE3F1F /* ParstagramUITests.swift in Sources */,
			);
			runOnlyForDeploymentPostprocessing = 0;
		};
/* End PBXSourcesBuildPhase section */

/* Begin PBXTargetDependency section */
		BBD995C727E4CE4A00FE3F1F /* PBXTargetDependency */ = {
			isa = PBXTargetDependency;
			target = BBD995AE27E4CE4800FE3F1F /* Parstagram */;
			targetProxy = BBD995C627E4CE4A00FE3F1F /* PBXContainerItemProxy */;
		};
		BBD995D127E4CE4A00FE3F1F /* PBXTargetDependency */ = {
			isa = PBXTargetDependency;
			target = BBD995AE27E4CE4800FE3F1F /* Parstagram */;
			targetProxy = BBD995D027E4CE4A00FE3F1F /* PBXContainerItemProxy */;
		};
/* End PBXTargetDependency section */

/* Begin PBXVariantGroup section */
		BBD995B827E4CE4800FE3F1F /* Main.storyboard */ = {
			isa = PBXVariantGroup;
			children = (
				BBD995B927E4CE4800FE3F1F /* Base */,
			);
			name = Main.storyboard;
			sourceTree = "<group>";
		};
		BBD995BD27E4CE4900FE3F1F /* LaunchScreen.storyboard */ = {
			isa = PBXVariantGroup;
			children = (
				BBD995BE27E4CE4900FE3F1F /* Base */,
			);
			name = LaunchScreen.storyboard;
			sourceTree = "<group>";
		};
/* End PBXVariantGroup section */

/* Begin XCBuildConfiguration section */
		BBD995D727E4CE4A00FE3F1F /* Debug */ = {
			isa = XCBuildConfiguration;
			buildSettings = {
				ALWAYS_SEARCH_USER_PATHS = NO;
				CLANG_ANALYZER_NONNULL = YES;
				CLANG_ANALYZER_NUMBER_OBJECT_CONVERSION = YES_AGGRESSIVE;
				CLANG_CXX_LANGUAGE_STANDARD = "gnu++17";
				CLANG_CXX_LIBRARY = "libc++";
				CLANG_ENABLE_MODULES = YES;
				CLANG_ENABLE_OBJC_ARC = YES;
				CLANG_ENABLE_OBJC_WEAK = YES;
				CLANG_WARN_BLOCK_CAPTURE_AUTORELEASING = YES;
				CLANG_WARN_BOOL_CONVERSION = YES;
				CLANG_WARN_COMMA = YES;
				CLANG_WARN_CONSTANT_CONVERSION = YES;
				CLANG_WARN_DEPRECATED_OBJC_IMPLEMENTATIONS = YES;
				CLANG_WARN_DIRECT_OBJC_ISA_USAGE = YES_ERROR;
				CLANG_WARN_DOCUMENTATION_COMMENTS = YES;
				CLANG_WARN_EMPTY_BODY = YES;
				CLANG_WARN_ENUM_CONVERSION = YES;
				CLANG_WARN_INFINITE_RECURSION = YES;
				CLANG_WARN_INT_CONVERSION = YES;
				CLANG_WARN_NON_LITERAL_NULL_CONVERSION = YES;
				CLANG_WARN_OBJC_IMPLICIT_RETAIN_SELF = YES;
				CLANG_WARN_OBJC_LITERAL_CONVERSION = YES;
				CLANG_WARN_OBJC_ROOT_CLASS = YES_ERROR;
				CLANG_WARN_QUOTED_INCLUDE_IN_FRAMEWORK_HEADER = YES;
				CLANG_WARN_RANGE_LOOP_ANALYSIS = YES;
				CLANG_WARN_STRICT_PROTOTYPES = YES;
				CLANG_WARN_SUSPICIOUS_MOVE = YES;
				CLANG_WARN_UNGUARDED_AVAILABILITY = YES_AGGRESSIVE;
				CLANG_WARN_UNREACHABLE_CODE = YES;
				CLANG_WARN__DUPLICATE_METHOD_MATCH = YES;
				COPY_PHASE_STRIP = NO;
				DEBUG_INFORMATION_FORMAT = dwarf;
				ENABLE_STRICT_OBJC_MSGSEND = YES;
				ENABLE_TESTABILITY = YES;
				GCC_C_LANGUAGE_STANDARD = gnu11;
				GCC_DYNAMIC_NO_PIC = NO;
				GCC_NO_COMMON_BLOCKS = YES;
				GCC_OPTIMIZATION_LEVEL = 0;
				GCC_PREPROCESSOR_DEFINITIONS = (
					"DEBUG=1",
					"$(inherited)",
				);
				GCC_WARN_64_TO_32_BIT_CONVERSION = YES;
				GCC_WARN_ABOUT_RETURN_TYPE = YES_ERROR;
				GCC_WARN_UNDECLARED_SELECTOR = YES;
				GCC_WARN_UNINITIALIZED_AUTOS = YES_AGGRESSIVE;
				GCC_WARN_UNUSED_FUNCTION = YES;
				GCC_WARN_UNUSED_VARIABLE = YES;
				IPHONEOS_DEPLOYMENT_TARGET = 15.2;
				MTL_ENABLE_DEBUG_INFO = INCLUDE_SOURCE;
				MTL_FAST_MATH = YES;
				ONLY_ACTIVE_ARCH = YES;
				SDKROOT = iphoneos;
				SWIFT_ACTIVE_COMPILATION_CONDITIONS = DEBUG;
				SWIFT_OPTIMIZATION_LEVEL = "-Onone";
			};
			name = Debug;
		};
		BBD995D827E4CE4A00FE3F1F /* Release */ = {
			isa = XCBuildConfiguration;
			buildSettings = {
				ALWAYS_SEARCH_USER_PATHS = NO;
				CLANG_ANALYZER_NONNULL = YES;
				CLANG_ANALYZER_NUMBER_OBJECT_CONVERSION = YES_AGGRESSIVE;
				CLANG_CXX_LANGUAGE_STANDARD = "gnu++17";
				CLANG_CXX_LIBRARY = "libc++";
				CLANG_ENABLE_MODULES = YES;
				CLANG_ENABLE_OBJC_ARC = YES;
				CLANG_ENABLE_OBJC_WEAK = YES;
				CLANG_WARN_BLOCK_CAPTURE_AUTORELEASING = YES;
				CLANG_WARN_BOOL_CONVERSION = YES;
				CLANG_WARN_COMMA = YES;
				CLANG_WARN_CONSTANT_CONVERSION = YES;
				CLANG_WARN_DEPRECATED_OBJC_IMPLEMENTATIONS = YES;
				CLANG_WARN_DIRECT_OBJC_ISA_USAGE = YES_ERROR;
				CLANG_WARN_DOCUMENTATION_COMMENTS = YES;
				CLANG_WARN_EMPTY_BODY = YES;
				CLANG_WARN_ENUM_CONVERSION = YES;
				CLANG_WARN_INFINITE_RECURSION = YES;
				CLANG_WARN_INT_CONVERSION = YES;
				CLANG_WARN_NON_LITERAL_NULL_CONVERSION = YES;
				CLANG_WARN_OBJC_IMPLICIT_RETAIN_SELF = YES;
				CLANG_WARN_OBJC_LITERAL_CONVERSION = YES;
				CLANG_WARN_OBJC_ROOT_CLASS = YES_ERROR;
				CLANG_WARN_QUOTED_INCLUDE_IN_FRAMEWORK_HEADER = YES;
				CLANG_WARN_RANGE_LOOP_ANALYSIS = YES;
				CLANG_WARN_STRICT_PROTOTYPES = YES;
				CLANG_WARN_SUSPICIOUS_MOVE = YES;
				CLANG_WARN_UNGUARDED_AVAILABILITY = YES_AGGRESSIVE;
				CLANG_WARN_UNREACHABLE_CODE = YES;
				CLANG_WARN__DUPLICATE_METHOD_MATCH = YES;
				COPY_PHASE_STRIP = NO;
				DEBUG_INFORMATION_FORMAT = "dwarf-with-dsym";
				ENABLE_NS_ASSERTIONS = NO;
				ENABLE_STRICT_OBJC_MSGSEND = YES;
				GCC_C_LANGUAGE_STANDARD = gnu11;
				GCC_NO_COMMON_BLOCKS = YES;
				GCC_WARN_64_TO_32_BIT_CONVERSION = YES;
				GCC_WARN_ABOUT_RETURN_TYPE = YES_ERROR;
				GCC_WARN_UNDECLARED_SELECTOR = YES;
				GCC_WARN_UNINITIALIZED_AUTOS = YES_AGGRESSIVE;
				GCC_WARN_UNUSED_FUNCTION = YES;
				GCC_WARN_UNUSED_VARIABLE = YES;
				IPHONEOS_DEPLOYMENT_TARGET = 15.2;
				MTL_ENABLE_DEBUG_INFO = NO;
				MTL_FAST_MATH = YES;
				SDKROOT = iphoneos;
				SWIFT_COMPILATION_MODE = wholemodule;
				SWIFT_OPTIMIZATION_LEVEL = "-O";
				VALIDATE_PRODUCT = YES;
			};
			name = Release;
		};
		BBD995DA27E4CE4A00FE3F1F /* Debug */ = {
			isa = XCBuildConfiguration;
			baseConfigurationReference = 1FA742BE3B02010C3CCF46CB /* Pods-Parstagram.debug.xcconfig */;
			buildSettings = {
				ASSETCATALOG_COMPILER_APPICON_NAME = AppIcon;
				ASSETCATALOG_COMPILER_GLOBAL_ACCENT_COLOR_NAME = AccentColor;
				CODE_SIGN_STYLE = Automatic;
				CURRENT_PROJECT_VERSION = 1;
				DEVELOPMENT_TEAM = DXVZ8V4L63;
				GENERATE_INFOPLIST_FILE = YES;
				INFOPLIST_FILE = Parstagram/Info.plist;
				INFOPLIST_KEY_UIApplicationSupportsIndirectInputEvents = YES;
				INFOPLIST_KEY_UILaunchStoryboardName = LaunchScreen;
				INFOPLIST_KEY_UIMainStoryboardFile = Main;
				INFOPLIST_KEY_UISupportedInterfaceOrientations_iPad = "UIInterfaceOrientationPortrait UIInterfaceOrientationPortraitUpsideDown UIInterfaceOrientationLandscapeLeft UIInterfaceOrientationLandscapeRight";
				INFOPLIST_KEY_UISupportedInterfaceOrientations_iPhone = "UIInterfaceOrientationPortrait UIInterfaceOrientationLandscapeLeft UIInterfaceOrientationLandscapeRight";
				LD_RUNPATH_SEARCH_PATHS = (
					"$(inherited)",
					"@executable_path/Frameworks",
				);
				MARKETING_VERSION = 1.0;
				PRODUCT_BUNDLE_IDENTIFIER = com.JoramBosire.Parstagram;
				PRODUCT_NAME = "$(TARGET_NAME)";
				SWIFT_EMIT_LOC_STRINGS = YES;
				SWIFT_VERSION = 5.0;
				TARGETED_DEVICE_FAMILY = "1,2";
			};
			name = Debug;
		};
		BBD995DB27E4CE4A00FE3F1F /* Release */ = {
			isa = XCBuildConfiguration;
			baseConfigurationReference = 9F8B601B245A39336ADF0AE1 /* Pods-Parstagram.release.xcconfig */;
			buildSettings = {
				ASSETCATALOG_COMPILER_APPICON_NAME = AppIcon;
				ASSETCATALOG_COMPILER_GLOBAL_ACCENT_COLOR_NAME = AccentColor;
				CODE_SIGN_STYLE = Automatic;
				CURRENT_PROJECT_VERSION = 1;
				DEVELOPMENT_TEAM = DXVZ8V4L63;
				GENERATE_INFOPLIST_FILE = YES;
				INFOPLIST_FILE = Parstagram/Info.plist;
				INFOPLIST_KEY_UIApplicationSupportsIndirectInputEvents = YES;
				INFOPLIST_KEY_UILaunchStoryboardName = LaunchScreen;
				INFOPLIST_KEY_UIMainStoryboardFile = Main;
				INFOPLIST_KEY_UISupportedInterfaceOrientations_iPad = "UIInterfaceOrientationPortrait UIInterfaceOrientationPortraitUpsideDown UIInterfaceOrientationLandscapeLeft UIInterfaceOrientationLandscapeRight";
				INFOPLIST_KEY_UISupportedInterfaceOrientations_iPhone = "UIInterfaceOrientationPortrait UIInterfaceOrientationLandscapeLeft UIInterfaceOrientationLandscapeRight";
				LD_RUNPATH_SEARCH_PATHS = (
					"$(inherited)",
					"@executable_path/Frameworks",
				);
				MARKETING_VERSION = 1.0;
				PRODUCT_BUNDLE_IDENTIFIER = com.JoramBosire.Parstagram;
				PRODUCT_NAME = "$(TARGET_NAME)";
				SWIFT_EMIT_LOC_STRINGS = YES;
				SWIFT_VERSION = 5.0;
				TARGETED_DEVICE_FAMILY = "1,2";
			};
			name = Release;
		};
		BBD995DD27E4CE4A00FE3F1F /* Debug */ = {
			isa = XCBuildConfiguration;
			baseConfigurationReference = 972E31E4F64096566CA68780 /* Pods-ParstagramTests.debug.xcconfig */;
			buildSettings = {
				ALWAYS_EMBED_SWIFT_STANDARD_LIBRARIES = YES;
				BUNDLE_LOADER = "$(TEST_HOST)";
				CODE_SIGN_STYLE = Automatic;
				CURRENT_PROJECT_VERSION = 1;
				DEVELOPMENT_TEAM = DXVZ8V4L63;
				GENERATE_INFOPLIST_FILE = YES;
				IPHONEOS_DEPLOYMENT_TARGET = 15.2;
				MARKETING_VERSION = 1.0;
				PRODUCT_BUNDLE_IDENTIFIER = com.JoramBosire.ParstagramTests;
				PRODUCT_NAME = "$(TARGET_NAME)";
				SWIFT_EMIT_LOC_STRINGS = NO;
				SWIFT_VERSION = 5.0;
				TARGETED_DEVICE_FAMILY = "1,2";
				TEST_HOST = "$(BUILT_PRODUCTS_DIR)/Parstagram.app/Parstagram";
			};
			name = Debug;
		};
		BBD995DE27E4CE4A00FE3F1F /* Release */ = {
			isa = XCBuildConfiguration;
			baseConfigurationReference = 5505E41A5FF7DA8EE0268461 /* Pods-ParstagramTests.release.xcconfig */;
			buildSettings = {
				ALWAYS_EMBED_SWIFT_STANDARD_LIBRARIES = YES;
				BUNDLE_LOADER = "$(TEST_HOST)";
				CODE_SIGN_STYLE = Automatic;
				CURRENT_PROJECT_VERSION = 1;
				DEVELOPMENT_TEAM = DXVZ8V4L63;
				GENERATE_INFOPLIST_FILE = YES;
				IPHONEOS_DEPLOYMENT_TARGET = 15.2;
				MARKETING_VERSION = 1.0;
				PRODUCT_BUNDLE_IDENTIFIER = com.JoramBosire.ParstagramTests;
				PRODUCT_NAME = "$(TARGET_NAME)";
				SWIFT_EMIT_LOC_STRINGS = NO;
				SWIFT_VERSION = 5.0;
				TARGETED_DEVICE_FAMILY = "1,2";
				TEST_HOST = "$(BUILT_PRODUCTS_DIR)/Parstagram.app/Parstagram";
			};
			name = Release;
		};
		BBD995E027E4CE4A00FE3F1F /* Debug */ = {
			isa = XCBuildConfiguration;
			baseConfigurationReference = B7667D8FAC99A6C49345C524 /* Pods-Parstagram-ParstagramUITests.debug.xcconfig */;
			buildSettings = {
				ALWAYS_EMBED_SWIFT_STANDARD_LIBRARIES = YES;
				CODE_SIGN_STYLE = Automatic;
				CURRENT_PROJECT_VERSION = 1;
				DEVELOPMENT_TEAM = DXVZ8V4L63;
				GENERATE_INFOPLIST_FILE = YES;
				MARKETING_VERSION = 1.0;
				PRODUCT_BUNDLE_IDENTIFIER = com.JoramBosire.ParstagramUITests;
				PRODUCT_NAME = "$(TARGET_NAME)";
				SWIFT_EMIT_LOC_STRINGS = NO;
				SWIFT_VERSION = 5.0;
				TARGETED_DEVICE_FAMILY = "1,2";
				TEST_TARGET_NAME = Parstagram;
			};
			name = Debug;
		};
		BBD995E127E4CE4A00FE3F1F /* Release */ = {
			isa = XCBuildConfiguration;
			baseConfigurationReference = 82E26D8B8F1BA0C9DD8ECAC6 /* Pods-Parstagram-ParstagramUITests.release.xcconfig */;
			buildSettings = {
				ALWAYS_EMBED_SWIFT_STANDARD_LIBRARIES = YES;
				CODE_SIGN_STYLE = Automatic;
				CURRENT_PROJECT_VERSION = 1;
				DEVELOPMENT_TEAM = DXVZ8V4L63;
				GENERATE_INFOPLIST_FILE = YES;
				MARKETING_VERSION = 1.0;
				PRODUCT_BUNDLE_IDENTIFIER = com.JoramBosire.ParstagramUITests;
				PRODUCT_NAME = "$(TARGET_NAME)";
				SWIFT_EMIT_LOC_STRINGS = NO;
				SWIFT_VERSION = 5.0;
				TARGETED_DEVICE_FAMILY = "1,2";
				TEST_TARGET_NAME = Parstagram;
			};
			name = Release;
		};
/* End XCBuildConfiguration section */

/* Begin XCConfigurationList section */
		BBD995AA27E4CE4800FE3F1F /* Build configuration list for PBXProject "Parstagram" */ = {
			isa = XCConfigurationList;
			buildConfigurations = (
				BBD995D727E4CE4A00FE3F1F /* Debug */,
				BBD995D827E4CE4A00FE3F1F /* Release */,
			);
			defaultConfigurationIsVisible = 0;
			defaultConfigurationName = Release;
		};
		BBD995D927E4CE4A00FE3F1F /* Build configuration list for PBXNativeTarget "Parstagram" */ = {
			isa = XCConfigurationList;
			buildConfigurations = (
				BBD995DA27E4CE4A00FE3F1F /* Debug */,
				BBD995DB27E4CE4A00FE3F1F /* Release */,
			);
			defaultConfigurationIsVisible = 0;
			defaultConfigurationName = Release;
		};
		BBD995DC27E4CE4A00FE3F1F /* Build configuration list for PBXNativeTarget "ParstagramTests" */ = {
			isa = XCConfigurationList;
			buildConfigurations = (
				BBD995DD27E4CE4A00FE3F1F /* Debug */,
				BBD995DE27E4CE4A00FE3F1F /* Release */,
			);
			defaultConfigurationIsVisible = 0;
			defaultConfigurationName = Release;
		};
		BBD995DF27E4CE4A00FE3F1F /* Build configuration list for PBXNativeTarget "ParstagramUITests" */ = {
			isa = XCConfigurationList;
			buildConfigurations = (
				BBD995E027E4CE4A00FE3F1F /* Debug */,
				BBD995E127E4CE4A00FE3F1F /* Release */,
			);
			defaultConfigurationIsVisible = 0;
			defaultConfigurationName = Release;
		};
/* End XCConfigurationList section */
	};
	rootObject = BBD995A727E4CE4800FE3F1F /* Project object */;
}
